
Microsoft Visual Studio Solution File, Format Version 12.00
# Visual Studio Version 16
VisualStudioVersion = 16.0.30517.126
MinimumVisualStudioVersion = 10.0.40219.1
Project("{9A19103F-16F7-4668-BE54-9A1E7A4F7556}") = "BlackSheep", "BlackSheep\BlackSheep.csproj", "{E09F0114-588B-4948-877C-478B6A061E78}"
EndProject
Project("{FAE04EC0-301F-11D3-BF4B-00C04F79EFBC}") = "RandomQuote", "RandomQuote\RandomQuote.csproj", "{D83D21EA-7EC1-4D03-84C2-33774681DECF}"
EndProject
Global
	GlobalSection(SolutionConfigurationPlatforms) = preSolution
		Debug|Any CPU = Debug|Any CPU
		Release|Any CPU = Release|Any CPU
	EndGlobalSection
	GlobalSection(ProjectConfigurationPlatforms) = postSolution
		{E09F0114-588B-4948-877C-478B6A061E78}.Debug|Any CPU.ActiveCfg = Debug|Any CPU
		{E09F0114-588B-4948-877C-478B6A061E78}.Debug|Any CPU.Build.0 = Debug|Any CPU
		{E09F0114-588B-4948-877C-478B6A061E78}.Release|Any CPU.ActiveCfg = Release|Any CPU
		{E09F0114-588B-4948-877C-478B6A061E78}.Release|Any CPU.Build.0 = Release|Any CPU
		{D83D21EA-7EC1-4D03-84C2-33774681DECF}.Debug|Any CPU.ActiveCfg = Debug|Any CPU
		{D83D21EA-7EC1-4D03-84C2-33774681DECF}.Debug|Any CPU.Build.0 = Debug|Any CPU
		{D83D21EA-7EC1-4D03-84C2-33774681DECF}.Release|Any CPU.ActiveCfg = Release|Any CPU
		{D83D21EA-7EC1-4D03-84C2-33774681DECF}.Release|Any CPU.Build.0 = Release|Any CPU
	EndGlobalSection
	GlobalSection(SolutionProperties) = preSolution
		HideSolutionNode = FALSE
	EndGlobalSection
	GlobalSection(ExtensibilityGlobals) = postSolution
		SolutionGuid = {5978EE2E-8663-4A94-ABA9-931A07A1A048}
	EndGlobalSection
EndGlobal
